
Microsoft Visual Studio Solution File, Format Version 12.00
# Visual Studio 15
VisualStudioVersion = 15.0.27130.2027
MinimumVisualStudioVersion = 10.0.40219.1
Project("{FAE04EC0-301F-11D3-BF4B-00C04F79EFBC}") = "NinjectTestBlog", "NinjectTestBlog\NinjectTestBlog.csproj", "{D063C841-A011-4B3D-B21A-552F49685C98}"
EndProject
Global
	GlobalSection(SolutionConfigurationPlatforms) = preSolution
		Debug|Any CPU = Debug|Any CPU
		Release|Any CPU = Release|Any CPU
	EndGlobalSection
	GlobalSection(ProjectConfigurationPlatforms) = postSolution
		{D063C841-A011-4B3D-B21A-552F49685C98}.Debug|Any CPU.ActiveCfg = Debug|Any CPU
		{D063C841-A011-4B3D-B21A-552F49685C98}.Debug|Any CPU.Build.0 = Debug|Any CPU
		{D063C841-A011-4B3D-B21A-552F49685C98}.Release|Any CPU.ActiveCfg = Release|Any CPU
		{D063C841-A011-4B3D-B21A-552F49685C98}.Release|Any CPU.Build.0 = Release|Any CPU
	EndGlobalSection
	GlobalSection(SolutionProperties) = preSolution
		HideSolutionNode = FALSE
	EndGlobalSection
	GlobalSection(ExtensibilityGlobals) = postSolution
		SolutionGuid = {81722200-8C8C-4D22-B37B-76CA1A818A25}
	EndGlobalSection
EndGlobal
